
Microsoft Visual Studio Solution File, Format Version 12.00
# Blend for Visual Studio 15
VisualStudioVersion = 15.0.27703.2042
MinimumVisualStudioVersion = 10.0.40219.1
Project("{FAE04EC0-301F-11D3-BF4B-00C04F79EFBC}") = "netdriver", "netdriver\netdriver.csproj", "{42BA3450-E221-48F7-B022-0A053765F08D}"
EndProject
Global
	GlobalSection(SolutionConfigurationPlatforms) = preSolution
		Debug|Any CPU = Debug|Any CPU
		Release|Any CPU = Release|Any CPU
	EndGlobalSection
	GlobalSection(ProjectConfigurationPlatforms) = postSolution
		{42BA3450-E221-48F7-B022-0A053765F08D}.Debug|Any CPU.ActiveCfg = Release|Any CPU
		{42BA3450-E221-48F7-B022-0A053765F08D}.Debug|Any CPU.Build.0 = Release|Any CPU
		{42BA3450-E221-48F7-B022-0A053765F08D}.Release|Any CPU.ActiveCfg = Release|Any CPU
		{42BA3450-E221-48F7-B022-0A053765F08D}.Release|Any CPU.Build.0 = Release|Any CPU
	EndGlobalSection
	GlobalSection(SolutionProperties) = preSolution
		HideSolutionNode = FALSE
	EndGlobalSection
	GlobalSection(ExtensibilityGlobals) = postSolution
		SolutionGuid = {2F57BDB2-4DE2-4D70-8F8F-3AF510541716}
	EndGlobalSection
EndGlobal
